
Microsoft Visual Studio Solution File, Format Version 12.00
# Visual Studio 2015
Project("{FAE04EC0-301F-11D3-BF4B-00C04F79EFBC}") = "CameraMovement.CSharp", "CameraMovement.CSharp.csproj", "{417775DE-F526-F4A6-D4E3-985129B74F9B}"
EndProject
Global
	GlobalSection(SolutionConfigurationPlatforms) = preSolution
		Debug|Any CPU = Debug|Any CPU
		Release|Any CPU = Release|Any CPU
	EndGlobalSection
	GlobalSection(ProjectConfigurationPlatforms) = postSolution
		{417775DE-F526-F4A6-D4E3-985129B74F9B}.Debug|Any CPU.ActiveCfg = Debug|Any CPU
		{417775DE-F526-F4A6-D4E3-985129B74F9B}.Debug|Any CPU.Build.0 = Debug|Any CPU
		{417775DE-F526-F4A6-D4E3-985129B74F9B}.Release|Any CPU.ActiveCfg = Release|Any CPU
		{417775DE-F526-F4A6-D4E3-985129B74F9B}.Release|Any CPU.Build.0 = Release|Any CPU
	EndGlobalSection
	GlobalSection(SolutionProperties) = preSolution
		HideSolutionNode = FALSE
	EndGlobalSection
EndGlobal
